
Microsoft Visual Studio Solution File, Format Version 12.00
# Visual Studio 14
VisualStudioVersion = 14.0.25123.0
MinimumVisualStudioVersion = 10.0.40219.1
Project("{FAE04EC0-301F-11D3-BF4B-00C04F79EFBC}") = "CloudSolution", "CloudSolution\CloudSolution.csproj", "{1712DF95-CDBB-4A24-84D2-30EECC0D9DB7}"
EndProject
Project("{FAE04EC0-301F-11D3-BF4B-00C04F79EFBC}") = "TestCloud", "TestCloud\TestCloud.csproj", "{099755CE-4A53-4DA7-AA15-33976AECE63A}"
EndProject
Global
	GlobalSection(SolutionConfigurationPlatforms) = preSolution
		Debug|Any CPU = Debug|Any CPU
		Release|Any CPU = Release|Any CPU
	EndGlobalSection
	GlobalSection(ProjectConfigurationPlatforms) = postSolution
		{1712DF95-CDBB-4A24-84D2-30EECC0D9DB7}.Debug|Any CPU.ActiveCfg = Debug|Any CPU
		{1712DF95-CDBB-4A24-84D2-30EECC0D9DB7}.Debug|Any CPU.Build.0 = Debug|Any CPU
		{1712DF95-CDBB-4A24-84D2-30EECC0D9DB7}.Release|Any CPU.ActiveCfg = Release|Any CPU
		{1712DF95-CDBB-4A24-84D2-30EECC0D9DB7}.Release|Any CPU.Build.0 = Release|Any CPU
		{099755CE-4A53-4DA7-AA15-33976AECE63A}.Debug|Any CPU.ActiveCfg = Debug|Any CPU
		{099755CE-4A53-4DA7-AA15-33976AECE63A}.Debug|Any CPU.Build.0 = Debug|Any CPU
		{099755CE-4A53-4DA7-AA15-33976AECE63A}.Release|Any CPU.ActiveCfg = Release|Any CPU
		{099755CE-4A53-4DA7-AA15-33976AECE63A}.Release|Any CPU.Build.0 = Release|Any CPU
	EndGlobalSection
	GlobalSection(SolutionProperties) = preSolution
		HideSolutionNode = FALSE
	EndGlobalSection
EndGlobal
